# THIS IS AN AUTOGENERATED FILE. DO NOT EDIT THIS FILE DIRECTLY.
# yarn lockfile v1


"@types/node@^14.14.22":
  version "14.14.22"
  resolved "https://registry.yarnpkg.com/@types/node/-/node-14.14.22.tgz#0d29f382472c4ccf3bd96ff0ce47daf5b7b84b18"
  integrity sha512-g+f/qj/cNcqKkc3tFqlXOYjrmZA+jNBiDzbP3kH+B+otKFqAdPgVTGP1IeKRdMml/aE69as5S4FqtxAbl+LaMw==

fp-ts-extras@^1.6.0:
  version "1.6.0"
  resolved "https://registry.yarnpkg.com/fp-ts-extras/-/fp-ts-extras-1.6.0.tgz#95e4d3a1c1ad626065e44f9bdb63c9dccf8c5f8f"
  integrity sha512-v/XTrGmGmJ+NXOzR/LSL1xEmiuvrFK1D4fdLgwDIo3tmJEgoN7dQRFi9v+zDINpuUsdabyYVF19Tw+zuVAG6FQ==
  dependencies:
    mem "^8.0.0"
    to-error "^1.0.3"

fp-ts@^2.9.1:
  version "2.9.1"
  resolved "https://registry.yarnpkg.com/fp-ts/-/fp-ts-2.9.1.tgz#24557f66f9221f8a1922fce6cbe2b8ea6d0f3929"
  integrity sha512-9++IpEtF2blK7tfSV+iHxO3KXdAGO/bPPQtUYqzC6XKzGOWNctqvlf13SpXxcu2mYaibOvneh/m9vAPLAHdoRQ==

io-ts@^2.2.13:
  version "2.2.13"
  resolved "https://registry.yarnpkg.com/io-ts/-/io-ts-2.2.13.tgz#e04016685e863dd5cffb2b5262c5c9c74432dfda"
  integrity sha512-BYJgE/BanovJKDvCnAkrr7f3gTucSyk+Sr5VtpouBO1/YfBKUyIn2z1ODG8LEF+1D4sjKZ3Bd/A5/v8JrJe5UQ==

json-stringify-safe@^5.0.1:
  version "5.0.1"
  resolved "https://registry.yarnpkg.com/json-stringify-safe/-/json-stringify-safe-5.0.1.tgz#1296a2d58fd45f19a0f6ce01d65701e2c735b6eb"
  integrity sha1-Epai1Y/UXxmg9s4B1lcB4sc1tus=

map-age-cleaner@^0.1.3:
  version "0.1.3"
  resolved "https://registry.yarnpkg.com/map-age-cleaner/-/map-age-cleaner-0.1.3.tgz#7d583a7306434c055fe474b0f45078e6e1b4b92a"
  integrity sha512-bJzx6nMoP6PDLPBFmg7+xRKeFZvFboMrGlxmNj9ClvX53KrmvM5bXFXEWjbz4cz1AFn+jWJ9z/DJSz7hrs0w3w==
  dependencies:
    p-defer "^1.0.0"

mem@^8.0.0:
  version "8.0.0"
  resolved "https://registry.yarnpkg.com/mem/-/mem-8.0.0.tgz#b5e4b6d2d241c6296da05436173b4d0c7ae1f9ac"
  integrity sha512-qrcJOe6uD+EW8Wrci1Vdiua/15Xw3n/QnaNXE7varnB6InxSk7nu3/i5jfy3S6kWxr8WYJ6R1o0afMUtvorTsA==
  dependencies:
    map-age-cleaner "^0.1.3"
    mimic-fn "^3.1.0"

mimic-fn@^3.1.0:
  version "3.1.0"
  resolved "https://registry.yarnpkg.com/mimic-fn/-/mimic-fn-3.1.0.tgz#65755145bbf3e36954b949c16450427451d5ca74"
  integrity sha512-Ysbi9uYW9hFyfrThdDEQuykN4Ey6BuwPD2kpI5ES/nFTDn/98yxYNLZJcgUAKPT/mcrLLKaGzJR9YVxJrIdASQ==

monocle-ts@^2.3.5:
  version "2.3.5"
  resolved "https://registry.yarnpkg.com/monocle-ts/-/monocle-ts-2.3.5.tgz#1ff90b08616254b887e4c2bc5b2a9764fed16723"
  integrity sha512-Xm9jdWvqFrlV0k965eY5AlCpWIIUBY2ExzGbEG+byMs+mZI4J7zvaUOLpQ8MTFgkpgyEnu4qUhuZT/Or3QeRiA==

p-defer@^1.0.0:
  version "1.0.0"
  resolved "https://registry.yarnpkg.com/p-defer/-/p-defer-1.0.0.tgz#9f6eb182f6c9aa8cd743004a7d4f96b196b0fb0c"
  integrity sha1-n26xgvbJqozXQwBKfU+WsZaw+ww=

readline@^1.3.0:
  version "1.3.0"
  resolved "https://registry.yarnpkg.com/readline/-/readline-1.3.0.tgz#c580d77ef2cfc8752b132498060dc9793a7ac01c"
  integrity sha1-xYDXfvLPyHUrEySYBg3JeTp6wBw=

to-error@^1.0.3:
  version "1.0.3"
  resolved "https://registry.yarnpkg.com/to-error/-/to-error-1.0.3.tgz#d1d9d6cec4edc2359b5b2d280f81fd44866b33ea"
  integrity sha512-UAHSbjQ0CezHOmaeTQ89zMNfXnhaK05rcAl4M2wfu40Oz97SdOfI7eTfnCVSZptJBqYoRHU52HNeKVHzJrtr7Q==
  dependencies:
    json-stringify-safe "^5.0.1"
